
Microsoft Visual Studio Solution File, Format Version 12.00
# Visual Studio Version 17
VisualStudioVersion = 17.9.34728.123
MinimumVisualStudioVersion = 10.0.40219.1
Project("{9A19103F-16F7-4668-BE54-9A1E7A4F7556}") = "EjercitoConsoleApp", "Ejercito\EjercitoConsoleApp.csproj", "{7BE8ABD3-FC17-42D2-9267-6324757DD875}"
EndProject
Global
	GlobalSection(SolutionConfigurationPlatforms) = preSolution
		Debug|Any CPU = Debug|Any CPU
		Release|Any CPU = Release|Any CPU
	EndGlobalSection
	GlobalSection(ProjectConfigurationPlatforms) = postSolution
		{7BE8ABD3-FC17-42D2-9267-6324757DD875}.Debug|Any CPU.ActiveCfg = Debug|Any CPU
		{7BE8ABD3-FC17-42D2-9267-6324757DD875}.Debug|Any CPU.Build.0 = Debug|Any CPU
		{7BE8ABD3-FC17-42D2-9267-6324757DD875}.Release|Any CPU.ActiveCfg = Release|Any CPU
		{7BE8ABD3-FC17-42D2-9267-6324757DD875}.Release|Any CPU.Build.0 = Release|Any CPU
	EndGlobalSection
	GlobalSection(SolutionProperties) = preSolution
		HideSolutionNode = FALSE
	EndGlobalSection
	GlobalSection(ExtensibilityGlobals) = postSolution
		SolutionGuid = {17DA29AE-A4A9-4FF7-BFC6-259A8087D89B}
	EndGlobalSection
EndGlobal
